{
  "nodes": {
    "ags": {
      "inputs": {
        "nixpkgs": "nixpkgs"
      },
      "locked": {
        "lastModified": 1697413445,
        "narHash": "sha256-LNtBP2QIW62+yrlk/6pNOiJokPLZi5HZoUDVxPaGZA4=",
        "owner": "Aylur",
        "repo": "ags",
        "rev": "c7b26075e1cbc57960553d1af974e856b2829be1",
        "type": "github"
      },
      "original": {
        "owner": "Aylur",
        "repo": "ags",
        "type": "github"
      }
    },
    "nixpkgs": {
      "locked": {
        "lastModified": 1693471703,
        "narHash": "sha256-0l03ZBL8P1P6z8MaSDS/MvuU8E75rVxe5eE1N6gxeTo=",
        "owner": "NixOS",
        "repo": "nixpkgs",
        "rev": "3e52e76b70d5508f3cec70b882a29199f4d1ee85",
        "type": "github"
      },
      "original": {
        "owner": "NixOS",
        "ref": "nixos-unstable",
        "repo": "nixpkgs",
        "type": "github"
      }
    },
    "nixpkgs_2": {
      "locked": {
        "lastModified": 1697498700,
        "narHash": "sha256-pFIVNq7kF9Gk6Wq+s3VBX5zCcpK4kSYM+TNbvWtVqI4=",
        "owner": "NixOS",
        "repo": "nixpkgs",
        "rev": "2dc99487cabf2b485158d8b9e74b855a2ab1052a",
        "type": "github"
      },
      "original": {
        "owner": "NixOS",
        "ref": "master",
        "repo": "nixpkgs",
        "type": "github"
      }
    },
    "root": {
      "inputs": {
        "ags": "ags",
        "nixpkgs": "nixpkgs_2"
      }
    }
  },
  "root": "root",
  "version": 7
}
